
Microsoft Visual Studio Solution File, Format Version 12.00
# Visual Studio Version 17
VisualStudioVersion = 17.5.33414.496
MinimumVisualStudioVersion = 10.0.40219.1
Project("{FAE04EC0-301F-11D3-BF4B-00C04F79EFBC}") = "SaveUpAPI", "SaveUpAPI.csproj", "{CA23FF74-6D2E-40E8-8393-492660DCA9C5}"
EndProject
Global
	GlobalSection(SolutionConfigurationPlatforms) = preSolution
		Debug|Any CPU = Debug|Any CPU
		Release|Any CPU = Release|Any CPU
	EndGlobalSection
	GlobalSection(ProjectConfigurationPlatforms) = postSolution
		{CA23FF74-6D2E-40E8-8393-492660DCA9C5}.Debug|Any CPU.ActiveCfg = Debug|Any CPU
		{CA23FF74-6D2E-40E8-8393-492660DCA9C5}.Debug|Any CPU.Build.0 = Debug|Any CPU
		{CA23FF74-6D2E-40E8-8393-492660DCA9C5}.Release|Any CPU.ActiveCfg = Release|Any CPU
		{CA23FF74-6D2E-40E8-8393-492660DCA9C5}.Release|Any CPU.Build.0 = Release|Any CPU
	EndGlobalSection
	GlobalSection(SolutionProperties) = preSolution
		HideSolutionNode = FALSE
	EndGlobalSection
	GlobalSection(ExtensibilityGlobals) = postSolution
		SolutionGuid = {02A4C136-25E5-4F79-832E-EE083C7F51A5}
	EndGlobalSection
EndGlobal
